
Microsoft Visual Studio Solution File, Format Version 12.00
Project("{FAE04EC0-301F-11D3-BF4B-00C04F79EFBC}") = "UniGearRentAPI", "UniGearRentAPI\UniGearRentAPI.csproj", "{7797B17B-1CD7-43D6-8471-CEB5B59E59CD}"
EndProject
Project("{FAE04EC0-301F-11D3-BF4B-00C04F79EFBC}") = "UniGearRentAPIUnitTests", "UniGearRentAPIUnitTests\UniGearRentAPIUnitTests.csproj", "{A534DD9D-E516-4AC4-AC89-F5DD68AA8110}"
EndProject
Project("{FAE04EC0-301F-11D3-BF4B-00C04F79EFBC}") = "UniGearRentAPIIntegrationTests", "UniGearRentAPIIntegrationTests\UniGearRentAPIIntegrationTests.csproj", "{923353BB-8223-47AC-83ED-A27F62B7C4CC}"
EndProject
Global
	GlobalSection(SolutionConfigurationPlatforms) = preSolution
		Debug|Any CPU = Debug|Any CPU
		Release|Any CPU = Release|Any CPU
	EndGlobalSection
	GlobalSection(ProjectConfigurationPlatforms) = postSolution
		{7797B17B-1CD7-43D6-8471-CEB5B59E59CD}.Debug|Any CPU.ActiveCfg = Debug|Any CPU
		{7797B17B-1CD7-43D6-8471-CEB5B59E59CD}.Debug|Any CPU.Build.0 = Debug|Any CPU
		{7797B17B-1CD7-43D6-8471-CEB5B59E59CD}.Release|Any CPU.ActiveCfg = Release|Any CPU
		{7797B17B-1CD7-43D6-8471-CEB5B59E59CD}.Release|Any CPU.Build.0 = Release|Any CPU
		{A534DD9D-E516-4AC4-AC89-F5DD68AA8110}.Debug|Any CPU.ActiveCfg = Debug|Any CPU
		{A534DD9D-E516-4AC4-AC89-F5DD68AA8110}.Debug|Any CPU.Build.0 = Debug|Any CPU
		{A534DD9D-E516-4AC4-AC89-F5DD68AA8110}.Release|Any CPU.ActiveCfg = Release|Any CPU
		{A534DD9D-E516-4AC4-AC89-F5DD68AA8110}.Release|Any CPU.Build.0 = Release|Any CPU
		{923353BB-8223-47AC-83ED-A27F62B7C4CC}.Debug|Any CPU.ActiveCfg = Debug|Any CPU
		{923353BB-8223-47AC-83ED-A27F62B7C4CC}.Debug|Any CPU.Build.0 = Debug|Any CPU
		{923353BB-8223-47AC-83ED-A27F62B7C4CC}.Release|Any CPU.ActiveCfg = Release|Any CPU
		{923353BB-8223-47AC-83ED-A27F62B7C4CC}.Release|Any CPU.Build.0 = Release|Any CPU
	EndGlobalSection
EndGlobal
